
Microsoft Visual Studio Solution File, Format Version 12.00
# Visual Studio 2013
VisualStudioVersion = 12.0.30723.0
MinimumVisualStudioVersion = 10.0.40219.1
Project("{FAE04EC0-301F-11D3-BF4B-00C04F79EFBC}") = "CPMCAppointmentSystem", "CPMCAppointmentSystem\CPMCAppointmentSystem.csproj", "{5353934A-E13A-4F65-B0A2-6F79D7E5BD12}"
EndProject
Project("{FAE04EC0-301F-11D3-BF4B-00C04F79EFBC}") = "ControlLibrary", "ControlLibrary\ControlLibrary.csproj", "{42139F12-5786-4B10-A0B0-0E7BA93EBA57}"
EndProject
Project("{FAE04EC0-301F-11D3-BF4B-00C04F79EFBC}") = "DataLayer", "DataLayer\DataLayer.csproj", "{7500895C-7DCD-40EB-8FC7-6023A6145764}"
EndProject
Project("{FAE04EC0-301F-11D3-BF4B-00C04F79EFBC}") = "BusinessLayer", "BusinessLayer\BusinessLayer.csproj", "{FB053632-BF51-4B72-9ED8-95F3C1176FA9}"
EndProject
Project("{FAE04EC0-301F-11D3-BF4B-00C04F79EFBC}") = "ServiceLayer", "ServiceLayer\ServiceLayer.csproj", "{A6B281B8-24F1-4E44-992B-82E4119BAFA8}"
EndProject
Project("{54435603-DBB4-11D2-8724-00A0C9A8B90C}") = "AMSSetup", "AMSSetup\AMSSetup.vdproj", "{38D406EA-1F18-482C-BD3E-6B0D3E483292}"
EndProject
Project("{FAE04EC0-301F-11D3-BF4B-00C04F79EFBC}") = "AMSSetupCustomAction", "AMSSetupCustomAction\AMSSetupCustomAction.csproj", "{A9294830-CA5B-494C-BE4C-3BA3AE841FFE}"
EndProject
Project("{FAE04EC0-301F-11D3-BF4B-00C04F79EFBC}") = "GsmManager", "GsmManager\GsmManager.csproj", "{BAC4A9AF-E247-4D5F-BCBE-4D267CAADBE9}"
EndProject
Project("{FAE04EC0-301F-11D3-BF4B-00C04F79EFBC}") = "MultiSelectionComboBox", "MultiSelectionComboBox\MultiSelectionComboBox.csproj", "{094DB2C0-97DE-472E-BB0A-7CFEA3414D97}"
EndProject
Global
	GlobalSection(SolutionConfigurationPlatforms) = preSolution
		Debug|Any CPU = Debug|Any CPU
		Release|Any CPU = Release|Any CPU
	EndGlobalSection
	GlobalSection(ProjectConfigurationPlatforms) = postSolution
		{5353934A-E13A-4F65-B0A2-6F79D7E5BD12}.Debug|Any CPU.ActiveCfg = Release|Any CPU
		{5353934A-E13A-4F65-B0A2-6F79D7E5BD12}.Debug|Any CPU.Build.0 = Release|Any CPU
		{5353934A-E13A-4F65-B0A2-6F79D7E5BD12}.Release|Any CPU.ActiveCfg = Release|Any CPU
		{5353934A-E13A-4F65-B0A2-6F79D7E5BD12}.Release|Any CPU.Build.0 = Release|Any CPU
		{42139F12-5786-4B10-A0B0-0E7BA93EBA57}.Debug|Any CPU.ActiveCfg = Release|Any CPU
		{42139F12-5786-4B10-A0B0-0E7BA93EBA57}.Debug|Any CPU.Build.0 = Release|Any CPU
		{42139F12-5786-4B10-A0B0-0E7BA93EBA57}.Release|Any CPU.ActiveCfg = Release|Any CPU
		{42139F12-5786-4B10-A0B0-0E7BA93EBA57}.Release|Any CPU.Build.0 = Release|Any CPU
		{7500895C-7DCD-40EB-8FC7-6023A6145764}.Debug|Any CPU.ActiveCfg = Release|Any CPU
		{7500895C-7DCD-40EB-8FC7-6023A6145764}.Debug|Any CPU.Build.0 = Release|Any CPU
		{7500895C-7DCD-40EB-8FC7-6023A6145764}.Release|Any CPU.ActiveCfg = Release|Any CPU
		{7500895C-7DCD-40EB-8FC7-6023A6145764}.Release|Any CPU.Build.0 = Release|Any CPU
		{FB053632-BF51-4B72-9ED8-95F3C1176FA9}.Debug|Any CPU.ActiveCfg = Release|Any CPU
		{FB053632-BF51-4B72-9ED8-95F3C1176FA9}.Debug|Any CPU.Build.0 = Release|Any CPU
		{FB053632-BF51-4B72-9ED8-95F3C1176FA9}.Release|Any CPU.ActiveCfg = Release|Any CPU
		{FB053632-BF51-4B72-9ED8-95F3C1176FA9}.Release|Any CPU.Build.0 = Release|Any CPU
		{A6B281B8-24F1-4E44-992B-82E4119BAFA8}.Debug|Any CPU.ActiveCfg = Release|Any CPU
		{A6B281B8-24F1-4E44-992B-82E4119BAFA8}.Debug|Any CPU.Build.0 = Release|Any CPU
		{A6B281B8-24F1-4E44-992B-82E4119BAFA8}.Release|Any CPU.ActiveCfg = Release|Any CPU
		{A6B281B8-24F1-4E44-992B-82E4119BAFA8}.Release|Any CPU.Build.0 = Release|Any CPU
		{38D406EA-1F18-482C-BD3E-6B0D3E483292}.Debug|Any CPU.ActiveCfg = Release
		{38D406EA-1F18-482C-BD3E-6B0D3E483292}.Release|Any CPU.ActiveCfg = Release
		{A9294830-CA5B-494C-BE4C-3BA3AE841FFE}.Debug|Any CPU.ActiveCfg = Release|Any CPU
		{A9294830-CA5B-494C-BE4C-3BA3AE841FFE}.Debug|Any CPU.Build.0 = Release|Any CPU
		{A9294830-CA5B-494C-BE4C-3BA3AE841FFE}.Release|Any CPU.ActiveCfg = Release|Any CPU
		{A9294830-CA5B-494C-BE4C-3BA3AE841FFE}.Release|Any CPU.Build.0 = Release|Any CPU
		{BAC4A9AF-E247-4D5F-BCBE-4D267CAADBE9}.Debug|Any CPU.ActiveCfg = Debug|Any CPU
		{BAC4A9AF-E247-4D5F-BCBE-4D267CAADBE9}.Debug|Any CPU.Build.0 = Debug|Any CPU
		{BAC4A9AF-E247-4D5F-BCBE-4D267CAADBE9}.Release|Any CPU.ActiveCfg = Release|Any CPU
		{BAC4A9AF-E247-4D5F-BCBE-4D267CAADBE9}.Release|Any CPU.Build.0 = Release|Any CPU
		{094DB2C0-97DE-472E-BB0A-7CFEA3414D97}.Debug|Any CPU.ActiveCfg = Debug|Any CPU
		{094DB2C0-97DE-472E-BB0A-7CFEA3414D97}.Debug|Any CPU.Build.0 = Debug|Any CPU
		{094DB2C0-97DE-472E-BB0A-7CFEA3414D97}.Release|Any CPU.ActiveCfg = Release|Any CPU
		{094DB2C0-97DE-472E-BB0A-7CFEA3414D97}.Release|Any CPU.Build.0 = Release|Any CPU
	EndGlobalSection
	GlobalSection(SolutionProperties) = preSolution
		HideSolutionNode = FALSE
	EndGlobalSection
EndGlobal
