
Microsoft Visual Studio Solution File, Format Version 12.00
# Visual Studio 2013
VisualStudioVersion = 12.0.31101.0
MinimumVisualStudioVersion = 10.0.40219.1
Project("{FAE04EC0-301F-11D3-BF4B-00C04F79EFBC}") = "CPMCAppointmentSystem", "CPMCAppointmentSystem\CPMCAppointmentSystem.csproj", "{5353934A-E13A-4F65-B0A2-6F79D7E5BD12}"
EndProject
Project("{FAE04EC0-301F-11D3-BF4B-00C04F79EFBC}") = "ControlLibrary", "ControlLibrary\ControlLibrary.csproj", "{42139F12-5786-4B10-A0B0-0E7BA93EBA57}"
EndProject
Project("{FAE04EC0-301F-11D3-BF4B-00C04F79EFBC}") = "DataLayer", "DataLayer\DataLayer.csproj", "{7500895C-7DCD-40EB-8FC7-6023A6145764}"
EndProject
Project("{FAE04EC0-301F-11D3-BF4B-00C04F79EFBC}") = "BusinessLayer", "BusinessLayer\BusinessLayer.csproj", "{FB053632-BF51-4B72-9ED8-95F3C1176FA9}"
EndProject
Project("{2150E333-8FDC-42A3-9474-1A3956D46DE8}") = "Libs", "Libs", "{A0F35D6C-E399-4CBD-90F5-9FCEC0ADD69E}"
EndProject
Project("{FAE04EC0-301F-11D3-BF4B-00C04F79EFBC}") = "ServiceLayer", "ServiceLayer\ServiceLayer.csproj", "{A6B281B8-24F1-4E44-992B-82E4119BAFA8}"
EndProject
Global
	GlobalSection(SolutionConfigurationPlatforms) = preSolution
		Debug|Any CPU = Debug|Any CPU
		Release|Any CPU = Release|Any CPU
	EndGlobalSection
	GlobalSection(ProjectConfigurationPlatforms) = postSolution
		{5353934A-E13A-4F65-B0A2-6F79D7E5BD12}.Debug|Any CPU.ActiveCfg = Debug|Any CPU
		{5353934A-E13A-4F65-B0A2-6F79D7E5BD12}.Debug|Any CPU.Build.0 = Debug|Any CPU
		{5353934A-E13A-4F65-B0A2-6F79D7E5BD12}.Release|Any CPU.ActiveCfg = Release|Any CPU
		{5353934A-E13A-4F65-B0A2-6F79D7E5BD12}.Release|Any CPU.Build.0 = Release|Any CPU
		{42139F12-5786-4B10-A0B0-0E7BA93EBA57}.Debug|Any CPU.ActiveCfg = Debug|Any CPU
		{42139F12-5786-4B10-A0B0-0E7BA93EBA57}.Debug|Any CPU.Build.0 = Debug|Any CPU
		{42139F12-5786-4B10-A0B0-0E7BA93EBA57}.Release|Any CPU.ActiveCfg = Release|Any CPU
		{42139F12-5786-4B10-A0B0-0E7BA93EBA57}.Release|Any CPU.Build.0 = Release|Any CPU
		{7500895C-7DCD-40EB-8FC7-6023A6145764}.Debug|Any CPU.ActiveCfg = Debug|Any CPU
		{7500895C-7DCD-40EB-8FC7-6023A6145764}.Debug|Any CPU.Build.0 = Debug|Any CPU
		{7500895C-7DCD-40EB-8FC7-6023A6145764}.Release|Any CPU.ActiveCfg = Release|Any CPU
		{7500895C-7DCD-40EB-8FC7-6023A6145764}.Release|Any CPU.Build.0 = Release|Any CPU
		{FB053632-BF51-4B72-9ED8-95F3C1176FA9}.Debug|Any CPU.ActiveCfg = Debug|Any CPU
		{FB053632-BF51-4B72-9ED8-95F3C1176FA9}.Debug|Any CPU.Build.0 = Debug|Any CPU
		{FB053632-BF51-4B72-9ED8-95F3C1176FA9}.Release|Any CPU.ActiveCfg = Release|Any CPU
		{FB053632-BF51-4B72-9ED8-95F3C1176FA9}.Release|Any CPU.Build.0 = Release|Any CPU
		{A6B281B8-24F1-4E44-992B-82E4119BAFA8}.Debug|Any CPU.ActiveCfg = Debug|Any CPU
		{A6B281B8-24F1-4E44-992B-82E4119BAFA8}.Debug|Any CPU.Build.0 = Debug|Any CPU
		{A6B281B8-24F1-4E44-992B-82E4119BAFA8}.Release|Any CPU.ActiveCfg = Release|Any CPU
		{A6B281B8-24F1-4E44-992B-82E4119BAFA8}.Release|Any CPU.Build.0 = Release|Any CPU
	EndGlobalSection
	GlobalSection(SolutionProperties) = preSolution
		HideSolutionNode = FALSE
	EndGlobalSection
EndGlobal
